
Microsoft Visual Studio Solution File, Format Version 11.00
# Visual Studio 2010
Project("{8BC9CEB8-8B4A-11D0-8D11-00A0C91BC942}") = "DOVEngine", "DOVEngine\DOVEngine.vcxproj", "{053C7AEA-AF5F-452F-BED0-E9DC0569794A}"
EndProject
Global
	GlobalSection(SolutionConfigurationPlatforms) = preSolution
		Debug|Win32 = Debug|Win32
		Release|Win32 = Release|Win32
	EndGlobalSection
	GlobalSection(ProjectConfigurationPlatforms) = postSolution
		{053C7AEA-AF5F-452F-BED0-E9DC0569794A}.Debug|Win32.ActiveCfg = Debug|Win32
		{053C7AEA-AF5F-452F-BED0-E9DC0569794A}.Debug|Win32.Build.0 = Debug|Win32
		{053C7AEA-AF5F-452F-BED0-E9DC0569794A}.Release|Win32.ActiveCfg = Release|Win32
		{053C7AEA-AF5F-452F-BED0-E9DC0569794A}.Release|Win32.Build.0 = Release|Win32
	EndGlobalSection
	GlobalSection(SolutionProperties) = preSolution
		HideSolutionNode = FALSE
	EndGlobalSection
EndGlobal
